<Solution>
  <Project Path="GlobalUsingAnalyzer/GlobalUsingAnalyzer.CodeFixes/GlobalUsingAnalyzer.CodeFixes.csproj" />
  <Project Path="GlobalUsingAnalyzer/GlobalUsingAnalyzer.Package/GlobalUsingAnalyzer.Package.csproj" />
  <Project Path="GlobalUsingAnalyzer/GlobalUsingAnalyzer.Test/GlobalUsingAnalyzer.Test.csproj" />
  <Project Path="GlobalUsingAnalyzer/GlobalUsingAnalyzer.Vsix/GlobalUsingAnalyzer.Vsix.csproj" />
</Solution>
